
Microsoft Visual Studio Solution File, Format Version 12.00
# Visual Studio Version 17
VisualStudioVersion = 17.5.33502.453
MinimumVisualStudioVersion = 10.0.40219.1
Project("{FAE04EC0-301F-11D3-BF4B-00C04F79EFBC}") = "Task1Popov", "Task1Popov\Task1Popov.csproj", "{D3490D7C-76D9-45EA-9AD4-ED185837A2B5}"
EndProject
Global
	GlobalSection(SolutionConfigurationPlatforms) = preSolution
		Debug|Any CPU = Debug|Any CPU
		Release|Any CPU = Release|Any CPU
	EndGlobalSection
	GlobalSection(ProjectConfigurationPlatforms) = postSolution
		{D3490D7C-76D9-45EA-9AD4-ED185837A2B5}.Debug|Any CPU.ActiveCfg = Debug|Any CPU
		{D3490D7C-76D9-45EA-9AD4-ED185837A2B5}.Debug|Any CPU.Build.0 = Debug|Any CPU
		{D3490D7C-76D9-45EA-9AD4-ED185837A2B5}.Release|Any CPU.ActiveCfg = Release|Any CPU
		{D3490D7C-76D9-45EA-9AD4-ED185837A2B5}.Release|Any CPU.Build.0 = Release|Any CPU
	EndGlobalSection
	GlobalSection(SolutionProperties) = preSolution
		HideSolutionNode = FALSE
	EndGlobalSection
	GlobalSection(ExtensibilityGlobals) = postSolution
		SolutionGuid = {1B344029-27B1-4D42-957E-73AEE434A633}
	EndGlobalSection
EndGlobal
